// !$*UTF8*$!
{
	archiveVersion = 1;
	classes = {
	};
	objectVersion = 46;
	objects = {

/* Begin PBXBuildFile section */
		950BACDD1F5866BF00DA66E0 /* AppDelegate.swift in Sources */ = {isa = PBXBuildFile; fileRef = 950BACDC1F5866BF00DA66E0 /* AppDelegate.swift */; };
		950BACDF1F5866BF00DA66E0 /* ViewController.swift in Sources */ = {isa = PBXBuildFile; fileRef = 950BACDE1F5866BF00DA66E0 /* ViewController.swift */; };
		950BACE21F5866BF00DA66E0 /* Main.storyboard in Resources */ = {isa = PBXBuildFile; fileRef = 950BACE01F5866BF00DA66E0 /* Main.storyboard */; };
		950BACE41F5866BF00DA66E0 /* Assets.xcassets in Resources */ = {isa = PBXBuildFile; fileRef = 950BACE31F5866BF00DA66E0 /* Assets.xcassets */; };
		950BACE71F5866BF00DA66E0 /* LaunchScreen.storyboard in Resources */ = {isa = PBXBuildFile; fileRef = 950BACE51F5866BF00DA66E0 /* LaunchScreen.storyboard */; };
/* End PBXBuildFile section */

/* Begin PBXFileReference section */
		950BACD91F5866BF00DA66E0 /* Navigation Bar.app */ = {isa = PBXFileReference; explicitFileType = wrapper.application; includeInIndex = 0; path = "Navigation Bar.app"; sourceTree = BUILT_PRODUCTS_DIR; };
		950BACDC1F5866BF00DA66E0 /* AppDelegate.swift */ = {isa = PBXFileReference; lastKnownFileType = sourcecode.swift; path = AppDelegate.swift; sourceTree = "<group>"; };
		950BACDE1F5866BF00DA66E0 /* ViewController.swift */ = {isa = PBXFileReference; lastKnownFileType = sourcecode.swift; path = ViewController.swift; sourceTree = "<group>"; };
		950BACE11F5866BF00DA66E0 /* Base */ = {isa = PBXFileReference; lastKnownFileType = file.storyboard; name = Base; path = Base.lproj/Main.storyboard; sourceTree = "<group>"; };
		950BACE31F5866BF00DA66E0 /* Assets.xcassets */ = {isa = PBXFileReference; lastKnownFileType = folder.assetcatalog; path = Assets.xcassets; sourceTree = "<group>"; };
		950BACE61F5866BF00DA66E0 /* Base */ = {isa = PBXFileReference; lastKnownFileType = file.storyboard; name = Base; path = Base.lproj/LaunchScreen.storyboard; sourceTree = "<group>"; };
		950BACE81F5866BF00DA66E0 /* Info.plist */ = {isa = PBXFileReference; lastKnownFileType = text.plist.xml; path = Info.plist; sourceTree = "<group>"; };
/* End PBXFileReference section */

/* Begin PBXFrameworksBuildPhase section */
		950BACD61F5866BF00DA66E0 /* Frameworks */ = {
			isa = PBXFrameworksBuildPhase;
			buildActionMask = 2147483647;
			files = (
			);
			runOnlyForDeploymentPostprocessing = 0;
		};
/* End PBXFrameworksBuildPhase section */

/* Begin PBXGroup section */
		950BACD01F5866BF00DA66E0 = {
			isa = PBXGroup;
			children = (
				950BACDB1F5866BF00DA66E0 /* Navigation Bar */,
				950BACDA1F5866BF00DA66E0 /* Products */,
			);
			sourceTree = "<group>";
		};
		950BACDA1F5866BF00DA66E0 /* Products */ = {
			isa = PBXGroup;
			children = (
				950BACD91F5866BF00DA66E0 /* Navigation Bar.app */,
			);
			name = Products;
			sourceTree = "<group>";
		};
		950BACDB1F5866BF00DA66E0 /* Navigation Bar */ = {
			isa = PBXGroup;
			children = (
				950BACDC1F5866BF00DA66E0 /* AppDelegate.swift */,
				950BACDE1F5866BF00DA66E0 /* ViewController.swift */,
				950BACE01F5866BF00DA66E0 /* Main.storyboard */,
				950BACE31F5866BF00DA66E0 /* Assets.xcassets */,
				950BACE51F5866BF00DA66E0 /* LaunchScreen.storyboard */,
				950BACE81F5866BF00DA66E0 /* Info.plist */,
			);
			path = "Navigation Bar";
			sourceTree = "<group>";
		};
/* End PBXGroup section */

/* Begin PBXNativeTarget section */
		950BACD81F5866BF00DA66E0 /* Navigation Bar */ = {
			isa = PBXNativeTarget;
			buildConfigurationList = 950BACEB1F5866BF00DA66E0 /* Build configuration list for PBXNativeTarget "Navigation Bar" */;
			buildPhases = (
				950BACD51F5866BF00DA66E0 /* Sources */,
				950BACD61F5866BF00DA66E0 /* Frameworks */,
				950BACD71F5866BF00DA66E0 /* Resources */,
			);
			buildRules = (
			);
			dependencies = (
			);
			name = "Navigation Bar";
			productName = "Navigation Bar";
			productReference = 950BACD91F5866BF00DA66E0 /* Navigation Bar.app */;
			productType = "com.apple.product-type.application";
		};
/* End PBXNativeTarget section */

/* Begin PBXProject section */
		950BACD11F5866BF00DA66E0 /* Project object */ = {
			isa = PBXProject;
			attributes = {
				LastSwiftUpdateCheck = 0830;
				LastUpgradeCheck = 0830;
				ORGANIZATIONNAME = "Marie Starck";
				TargetAttributes = {
					950BACD81F5866BF00DA66E0 = {
						CreatedOnToolsVersion = 8.3.3;
						ProvisioningStyle = Automatic;
					};
				};
			};
			buildConfigurationList = 950BACD41F5866BF00DA66E0 /* Build configuration list for PBXProject "Navigation Bar" */;
			compatibilityVersion = "Xcode 3.2";
			developmentRegion = English;
			hasScannedForEncodings = 0;
			knownRegions = (
				en,
				Base,
			);
			mainGroup = 950BACD01F5866BF00DA66E0;
			productRefGroup = 950BACDA1F5866BF00DA66E0 /* Products */;
			projectDirPath = "";
			projectRoot = "";
			targets = (
				950BACD81F5866BF00DA66E0 /* Navigation Bar */,
			);
		};
/* End PBXProject section */

/* Begin PBXResourcesBuildPhase section */
		950BACD71F5866BF00DA66E0 /* Resources */ = {
			isa = PBXResourcesBuildPhase;
			buildActionMask = 2147483647;
			files = (
				950BACE71F5866BF00DA66E0 /* LaunchScreen.storyboard in Resources */,
				950BACE41F5866BF00DA66E0 /* Assets.xcassets in Resources */,
				950BACE21F5866BF00DA66E0 /* Main.storyboard in Resources */,
			);
			runOnlyForDeploymentPostprocessing = 0;
		};
/* End PBXResourcesBuildPhase section */

/* Begin PBXSourcesBuildPhase section */
		950BACD51F5866BF00DA66E0 /* Sources */ = {
			isa = PBXSourcesBuildPhase;
			buildActionMask = 2147483647;
			files = (
				950BACDF1F5866BF00DA66E0 /* ViewController.swift in Sources */,
				950BACDD1F5866BF00DA66E0 /* AppDelegate.swift in Sources */,
			);
			runOnlyForDeploymentPostprocessing = 0;
		};
/* End PBXSourcesBuildPhase section */

/* Begin PBXVariantGroup section */
		950BACE01F5866BF00DA66E0 /* Main.storyboard */ = {
			isa = PBXVariantGroup;
			children = (
				950BACE11F5866BF00DA66E0 /* Base */,
			);
			name = Main.storyboard;
			sourceTree = "<group>";
		};
		950BACE51F5866BF00DA66E0 /* LaunchScreen.storyboard */ = {
			isa = PBXVariantGroup;
			children = (
				950BACE61F5866BF00DA66E0 /* Base */,
			);
			name = LaunchScreen.storyboard;
			sourceTree = "<group>";
		};
/* End PBXVariantGroup section */

/* Begin XCBuildConfiguration section */
		950BACE91F5866BF00DA66E0 /* Debug */ = {
			isa = XCBuildConfiguration;
			buildSettings = {
				ALWAYS_SEARCH_USER_PATHS = NO;
				CLANG_ANALYZER_NONNULL = YES;
				CLANG_ANALYZER_NUMBER_OBJECT_CONVERSION = YES_AGGRESSIVE;
				CLANG_CXX_LANGUAGE_STANDARD = "gnu++0x";
				CLANG_CXX_LIBRARY = "libc++";
				CLANG_ENABLE_MODULES = YES;
				CLANG_ENABLE_OBJC_ARC = YES;
				CLANG_WARN_BOOL_CONVERSION = YES;
				CLANG_WARN_CONSTANT_CONVERSION = YES;
				CLANG_WARN_DIRECT_OBJC_ISA_USAGE = YES_ERROR;
				CLANG_WARN_DOCUMENTATION_COMMENTS = YES;
				CLANG_WARN_EMPTY_BODY = YES;
				CLANG_WARN_ENUM_CONVERSION = YES;
				CLANG_WARN_INFINITE_RECURSION = YES;
				CLANG_WARN_INT_CONVERSION = YES;
				CLANG_WARN_OBJC_ROOT_CLASS = YES_ERROR;
				CLANG_WARN_SUSPICIOUS_MOVE = YES;
				CLANG_WARN_UNREACHABLE_CODE = YES;
				CLANG_WARN__DUPLICATE_METHOD_MATCH = YES;
				"CODE_SIGN_IDENTITY[sdk=iphoneos*]" = "iPhone Developer";
				COPY_PHASE_STRIP = NO;
				DEBUG_INFORMATION_FORMAT = dwarf;
				ENABLE_STRICT_OBJC_MSGSEND = YES;
				ENABLE_TESTABILITY = YES;
				GCC_C_LANGUAGE_STANDARD = gnu99;
				GCC_DYNAMIC_NO_PIC = NO;
				GCC_NO_COMMON_BLOCKS = YES;
				GCC_OPTIMIZATION_LEVEL = 0;
				GCC_PREPROCESSOR_DEFINITIONS = (
					"DEBUG=1",
					"$(inherited)",
				);
				GCC_WARN_64_TO_32_BIT_CONVERSION = YES;
				GCC_WARN_ABOUT_RETURN_TYPE = YES_ERROR;
				GCC_WARN_UNDECLARED_SELECTOR = YES;
				GCC_WARN_UNINITIALIZED_AUTOS = YES_AGGRESSIVE;
				GCC_WARN_UNUSED_FUNCTION = YES;
				GCC_WARN_UNUSED_VARIABLE = YES;
				IPHONEOS_DEPLOYMENT_TARGET = 10.3;
				MTL_ENABLE_DEBUG_INFO = YES;
				ONLY_ACTIVE_ARCH = YES;
				SDKROOT = iphoneos;
				SWIFT_ACTIVE_COMPILATION_CONDITIONS = DEBUG;
				SWIFT_OPTIMIZATION_LEVEL = "-Onone";
			};
			name = Debug;
		};
		950BACEA1F5866BF00DA66E0 /* Release */ = {
			isa = XCBuildConfiguration;
			buildSettings = {
				ALWAYS_SEARCH_USER_PATHS = NO;
				CLANG_ANALYZER_NONNULL = YES;
				CLANG_ANALYZER_NUMBER_OBJECT_CONVERSION = YES_AGGRESSIVE;
				CLANG_CXX_LANGUAGE_STANDARD = "gnu++0x";
				CLANG_CXX_LIBRARY = "libc++";
				CLANG_ENABLE_MODULES = YES;
				CLANG_ENABLE_OBJC_ARC = YES;
				CLANG_WARN_BOOL_CONVERSION = YES;
				CLANG_WARN_CONSTANT_CONVERSION = YES;
				CLANG_WARN_DIRECT_OBJC_ISA_USAGE = YES_ERROR;
				CLANG_WARN_DOCUMENTATION_COMMENTS = YES;
				CLANG_WARN_EMPTY_BODY = YES;
				CLANG_WARN_ENUM_CONVERSION = YES;
				CLANG_WARN_INFINITE_RECURSION = YES;
				CLANG_WARN_INT_CONVERSION = YES;
				CLANG_WARN_OBJC_ROOT_CLASS = YES_ERROR;
				CLANG_WARN_SUSPICIOUS_MOVE = YES;
				CLANG_WARN_UNREACHABLE_CODE = YES;
				CLANG_WARN__DUPLICATE_METHOD_MATCH = YES;
				"CODE_SIGN_IDENTITY[sdk=iphoneos*]" = "iPhone Developer";
				COPY_PHASE_STRIP = NO;
				DEBUG_INFORMATION_FORMAT = "dwarf-with-dsym";
				ENABLE_NS_ASSERTIONS = NO;
				ENABLE_STRICT_OBJC_MSGSEND = YES;
				GCC_C_LANGUAGE_STANDARD = gnu99;
				GCC_NO_COMMON_BLOCKS = YES;
				GCC_WARN_64_TO_32_BIT_CONVERSION = YES;
				GCC_WARN_ABOUT_RETURN_TYPE = YES_ERROR;
				GCC_WARN_UNDECLARED_SELECTOR = YES;
				GCC_WARN_UNINITIALIZED_AUTOS = YES_AGGRESSIVE;
				GCC_WARN_UNUSED_FUNCTION = YES;
				GCC_WARN_UNUSED_VARIABLE = YES;
				IPHONEOS_DEPLOYMENT_TARGET = 10.3;
				MTL_ENABLE_DEBUG_INFO = NO;
				SDKROOT = iphoneos;
				SWIFT_OPTIMIZATION_LEVEL = "-Owholemodule";
				VALIDATE_PRODUCT = YES;
			};
			name = Release;
		};
		950BACEC1F5866BF00DA66E0 /* Debug */ = {
			isa = XCBuildConfiguration;
			buildSettings = {
				ASSETCATALOG_COMPILER_APPICON_NAME = AppIcon;
				INFOPLIST_FILE = "Navigation Bar/Info.plist";
				LD_RUNPATH_SEARCH_PATHS = "$(inherited) @executable_path/Frameworks";
				PRODUCT_BUNDLE_IDENTIFIER = "com.marie-starck.Navigation-Bar";
				PRODUCT_NAME = "$(TARGET_NAME)";
				SWIFT_VERSION = 3.0;
			};
			name = Debug;
		};
		950BACED1F5866BF00DA66E0 /* Release */ = {
			isa = XCBuildConfiguration;
			buildSettings = {
				ASSETCATALOG_COMPILER_APPICON_NAME = AppIcon;
				INFOPLIST_FILE = "Navigation Bar/Info.plist";
				LD_RUNPATH_SEARCH_PATHS = "$(inherited) @executable_path/Frameworks";
				PRODUCT_BUNDLE_IDENTIFIER = "com.marie-starck.Navigation-Bar";
				PRODUCT_NAME = "$(TARGET_NAME)";
				SWIFT_VERSION = 3.0;
			};
			name = Release;
		};
/* End XCBuildConfiguration section */

/* Begin XCConfigurationList section */
		950BACD41F5866BF00DA66E0 /* Build configuration list for PBXProject "Navigation Bar" */ = {
			isa = XCConfigurationList;
			buildConfigurations = (
				950BACE91F5866BF00DA66E0 /* Debug */,
				950BACEA1F5866BF00DA66E0 /* Release */,
			);
			defaultConfigurationIsVisible = 0;
			defaultConfigurationName = Release;
		};
		950BACEB1F5866BF00DA66E0 /* Build configuration list for PBXNativeTarget "Navigation Bar" */ = {
			isa = XCConfigurationList;
			buildConfigurations = (
				950BACEC1F5866BF00DA66E0 /* Debug */,
				950BACED1F5866BF00DA66E0 /* Release */,
			);
			defaultConfigurationIsVisible = 0;
		};
/* End XCConfigurationList section */
	};
	rootObject = 950BACD11F5866BF00DA66E0 /* Project object */;
}
