// !$*UTF8*$!
{
	archiveVersion = 1;
	classes = {
	};
	objectVersion = 46;
	objects = {

/* Begin PBXBuildFile section */
		950BAC9F1F5469C200DA66E0 /* AppDelegate.swift in Sources */ = {isa = PBXBuildFile; fileRef = 950BAC9E1F5469C200DA66E0 /* AppDelegate.swift */; };
		950BACA11F5469C200DA66E0 /* ViewController.swift in Sources */ = {isa = PBXBuildFile; fileRef = 950BACA01F5469C200DA66E0 /* ViewController.swift */; };
		950BACA41F5469C200DA66E0 /* Main.storyboard in Resources */ = {isa = PBXBuildFile; fileRef = 950BACA21F5469C200DA66E0 /* Main.storyboard */; };
		950BACA61F5469C200DA66E0 /* Assets.xcassets in Resources */ = {isa = PBXBuildFile; fileRef = 950BACA51F5469C200DA66E0 /* Assets.xcassets */; };
		950BACA91F5469C200DA66E0 /* LaunchScreen.storyboard in Resources */ = {isa = PBXBuildFile; fileRef = 950BACA71F5469C200DA66E0 /* LaunchScreen.storyboard */; };
		950BACB11F546B4A00DA66E0 /* question.jpg in Resources */ = {isa = PBXBuildFile; fileRef = 950BACB01F546B4A00DA66E0 /* question.jpg */; };
/* End PBXBuildFile section */

/* Begin PBXFileReference section */
		950BAC9B1F5469C200DA66E0 /* Guessing Game.app */ = {isa = PBXFileReference; explicitFileType = wrapper.application; includeInIndex = 0; path = "Guessing Game.app"; sourceTree = BUILT_PRODUCTS_DIR; };
		950BAC9E1F5469C200DA66E0 /* AppDelegate.swift */ = {isa = PBXFileReference; lastKnownFileType = sourcecode.swift; path = AppDelegate.swift; sourceTree = "<group>"; };
		950BACA01F5469C200DA66E0 /* ViewController.swift */ = {isa = PBXFileReference; lastKnownFileType = sourcecode.swift; path = ViewController.swift; sourceTree = "<group>"; };
		950BACA31F5469C200DA66E0 /* Base */ = {isa = PBXFileReference; lastKnownFileType = file.storyboard; name = Base; path = Base.lproj/Main.storyboard; sourceTree = "<group>"; };
		950BACA51F5469C200DA66E0 /* Assets.xcassets */ = {isa = PBXFileReference; lastKnownFileType = folder.assetcatalog; path = Assets.xcassets; sourceTree = "<group>"; };
		950BACA81F5469C200DA66E0 /* Base */ = {isa = PBXFileReference; lastKnownFileType = file.storyboard; name = Base; path = Base.lproj/LaunchScreen.storyboard; sourceTree = "<group>"; };
		950BACAA1F5469C200DA66E0 /* Info.plist */ = {isa = PBXFileReference; lastKnownFileType = text.plist.xml; path = Info.plist; sourceTree = "<group>"; };
		950BACB01F546B4A00DA66E0 /* question.jpg */ = {isa = PBXFileReference; lastKnownFileType = image.jpeg; name = question.jpg; path = ../../../../Pictures/question.jpg; sourceTree = "<group>"; };
/* End PBXFileReference section */

/* Begin PBXFrameworksBuildPhase section */
		950BAC981F5469C200DA66E0 /* Frameworks */ = {
			isa = PBXFrameworksBuildPhase;
			buildActionMask = 2147483647;
			files = (
			);
			runOnlyForDeploymentPostprocessing = 0;
		};
/* End PBXFrameworksBuildPhase section */

/* Begin PBXGroup section */
		950BAC921F5469C200DA66E0 = {
			isa = PBXGroup;
			children = (
				950BAC9D1F5469C200DA66E0 /* Guessing Game */,
				950BAC9C1F5469C200DA66E0 /* Products */,
			);
			sourceTree = "<group>";
		};
		950BAC9C1F5469C200DA66E0 /* Products */ = {
			isa = PBXGroup;
			children = (
				950BAC9B1F5469C200DA66E0 /* Guessing Game.app */,
			);
			name = Products;
			sourceTree = "<group>";
		};
		950BAC9D1F5469C200DA66E0 /* Guessing Game */ = {
			isa = PBXGroup;
			children = (
				950BAC9E1F5469C200DA66E0 /* AppDelegate.swift */,
				950BACA01F5469C200DA66E0 /* ViewController.swift */,
				950BACA21F5469C200DA66E0 /* Main.storyboard */,
				950BACB01F546B4A00DA66E0 /* question.jpg */,
				950BACA51F5469C200DA66E0 /* Assets.xcassets */,
				950BACA71F5469C200DA66E0 /* LaunchScreen.storyboard */,
				950BACAA1F5469C200DA66E0 /* Info.plist */,
			);
			path = "Guessing Game";
			sourceTree = "<group>";
		};
/* End PBXGroup section */

/* Begin PBXNativeTarget section */
		950BAC9A1F5469C200DA66E0 /* Guessing Game */ = {
			isa = PBXNativeTarget;
			buildConfigurationList = 950BACAD1F5469C200DA66E0 /* Build configuration list for PBXNativeTarget "Guessing Game" */;
			buildPhases = (
				950BAC971F5469C200DA66E0 /* Sources */,
				950BAC981F5469C200DA66E0 /* Frameworks */,
				950BAC991F5469C200DA66E0 /* Resources */,
			);
			buildRules = (
			);
			dependencies = (
			);
			name = "Guessing Game";
			productName = "Guessing Game";
			productReference = 950BAC9B1F5469C200DA66E0 /* Guessing Game.app */;
			productType = "com.apple.product-type.application";
		};
/* End PBXNativeTarget section */

/* Begin PBXProject section */
		950BAC931F5469C200DA66E0 /* Project object */ = {
			isa = PBXProject;
			attributes = {
				LastSwiftUpdateCheck = 0830;
				LastUpgradeCheck = 0830;
				ORGANIZATIONNAME = "Marie Starck";
				TargetAttributes = {
					950BAC9A1F5469C200DA66E0 = {
						CreatedOnToolsVersion = 8.3.3;
						ProvisioningStyle = Automatic;
					};
				};
			};
			buildConfigurationList = 950BAC961F5469C200DA66E0 /* Build configuration list for PBXProject "Guessing Game" */;
			compatibilityVersion = "Xcode 3.2";
			developmentRegion = English;
			hasScannedForEncodings = 0;
			knownRegions = (
				en,
				Base,
			);
			mainGroup = 950BAC921F5469C200DA66E0;
			productRefGroup = 950BAC9C1F5469C200DA66E0 /* Products */;
			projectDirPath = "";
			projectRoot = "";
			targets = (
				950BAC9A1F5469C200DA66E0 /* Guessing Game */,
			);
		};
/* End PBXProject section */

/* Begin PBXResourcesBuildPhase section */
		950BAC991F5469C200DA66E0 /* Resources */ = {
			isa = PBXResourcesBuildPhase;
			buildActionMask = 2147483647;
			files = (
				950BACA91F5469C200DA66E0 /* LaunchScreen.storyboard in Resources */,
				950BACA61F5469C200DA66E0 /* Assets.xcassets in Resources */,
				950BACA41F5469C200DA66E0 /* Main.storyboard in Resources */,
				950BACB11F546B4A00DA66E0 /* question.jpg in Resources */,
			);
			runOnlyForDeploymentPostprocessing = 0;
		};
/* End PBXResourcesBuildPhase section */

/* Begin PBXSourcesBuildPhase section */
		950BAC971F5469C200DA66E0 /* Sources */ = {
			isa = PBXSourcesBuildPhase;
			buildActionMask = 2147483647;
			files = (
				950BACA11F5469C200DA66E0 /* ViewController.swift in Sources */,
				950BAC9F1F5469C200DA66E0 /* AppDelegate.swift in Sources */,
			);
			runOnlyForDeploymentPostprocessing = 0;
		};
/* End PBXSourcesBuildPhase section */

/* Begin PBXVariantGroup section */
		950BACA21F5469C200DA66E0 /* Main.storyboard */ = {
			isa = PBXVariantGroup;
			children = (
				950BACA31F5469C200DA66E0 /* Base */,
			);
			name = Main.storyboard;
			sourceTree = "<group>";
		};
		950BACA71F5469C200DA66E0 /* LaunchScreen.storyboard */ = {
			isa = PBXVariantGroup;
			children = (
				950BACA81F5469C200DA66E0 /* Base */,
			);
			name = LaunchScreen.storyboard;
			sourceTree = "<group>";
		};
/* End PBXVariantGroup section */

/* Begin XCBuildConfiguration section */
		950BACAB1F5469C200DA66E0 /* Debug */ = {
			isa = XCBuildConfiguration;
			buildSettings = {
				ALWAYS_SEARCH_USER_PATHS = NO;
				CLANG_ANALYZER_NONNULL = YES;
				CLANG_ANALYZER_NUMBER_OBJECT_CONVERSION = YES_AGGRESSIVE;
				CLANG_CXX_LANGUAGE_STANDARD = "gnu++0x";
				CLANG_CXX_LIBRARY = "libc++";
				CLANG_ENABLE_MODULES = YES;
				CLANG_ENABLE_OBJC_ARC = YES;
				CLANG_WARN_BOOL_CONVERSION = YES;
				CLANG_WARN_CONSTANT_CONVERSION = YES;
				CLANG_WARN_DIRECT_OBJC_ISA_USAGE = YES_ERROR;
				CLANG_WARN_DOCUMENTATION_COMMENTS = YES;
				CLANG_WARN_EMPTY_BODY = YES;
				CLANG_WARN_ENUM_CONVERSION = YES;
				CLANG_WARN_INFINITE_RECURSION = YES;
				CLANG_WARN_INT_CONVERSION = YES;
				CLANG_WARN_OBJC_ROOT_CLASS = YES_ERROR;
				CLANG_WARN_SUSPICIOUS_MOVE = YES;
				CLANG_WARN_UNREACHABLE_CODE = YES;
				CLANG_WARN__DUPLICATE_METHOD_MATCH = YES;
				"CODE_SIGN_IDENTITY[sdk=iphoneos*]" = "iPhone Developer";
				COPY_PHASE_STRIP = NO;
				DEBUG_INFORMATION_FORMAT = dwarf;
				ENABLE_STRICT_OBJC_MSGSEND = YES;
				ENABLE_TESTABILITY = YES;
				GCC_C_LANGUAGE_STANDARD = gnu99;
				GCC_DYNAMIC_NO_PIC = NO;
				GCC_NO_COMMON_BLOCKS = YES;
				GCC_OPTIMIZATION_LEVEL = 0;
				GCC_PREPROCESSOR_DEFINITIONS = (
					"DEBUG=1",
					"$(inherited)",
				);
				GCC_WARN_64_TO_32_BIT_CONVERSION = YES;
				GCC_WARN_ABOUT_RETURN_TYPE = YES_ERROR;
				GCC_WARN_UNDECLARED_SELECTOR = YES;
				GCC_WARN_UNINITIALIZED_AUTOS = YES_AGGRESSIVE;
				GCC_WARN_UNUSED_FUNCTION = YES;
				GCC_WARN_UNUSED_VARIABLE = YES;
				IPHONEOS_DEPLOYMENT_TARGET = 10.3;
				MTL_ENABLE_DEBUG_INFO = YES;
				ONLY_ACTIVE_ARCH = YES;
				SDKROOT = iphoneos;
				SWIFT_ACTIVE_COMPILATION_CONDITIONS = DEBUG;
				SWIFT_OPTIMIZATION_LEVEL = "-Onone";
			};
			name = Debug;
		};
		950BACAC1F5469C200DA66E0 /* Release */ = {
			isa = XCBuildConfiguration;
			buildSettings = {
				ALWAYS_SEARCH_USER_PATHS = NO;
				CLANG_ANALYZER_NONNULL = YES;
				CLANG_ANALYZER_NUMBER_OBJECT_CONVERSION = YES_AGGRESSIVE;
				CLANG_CXX_LANGUAGE_STANDARD = "gnu++0x";
				CLANG_CXX_LIBRARY = "libc++";
				CLANG_ENABLE_MODULES = YES;
				CLANG_ENABLE_OBJC_ARC = YES;
				CLANG_WARN_BOOL_CONVERSION = YES;
				CLANG_WARN_CONSTANT_CONVERSION = YES;
				CLANG_WARN_DIRECT_OBJC_ISA_USAGE = YES_ERROR;
				CLANG_WARN_DOCUMENTATION_COMMENTS = YES;
				CLANG_WARN_EMPTY_BODY = YES;
				CLANG_WARN_ENUM_CONVERSION = YES;
				CLANG_WARN_INFINITE_RECURSION = YES;
				CLANG_WARN_INT_CONVERSION = YES;
				CLANG_WARN_OBJC_ROOT_CLASS = YES_ERROR;
				CLANG_WARN_SUSPICIOUS_MOVE = YES;
				CLANG_WARN_UNREACHABLE_CODE = YES;
				CLANG_WARN__DUPLICATE_METHOD_MATCH = YES;
				"CODE_SIGN_IDENTITY[sdk=iphoneos*]" = "iPhone Developer";
				COPY_PHASE_STRIP = NO;
				DEBUG_INFORMATION_FORMAT = "dwarf-with-dsym";
				ENABLE_NS_ASSERTIONS = NO;
				ENABLE_STRICT_OBJC_MSGSEND = YES;
				GCC_C_LANGUAGE_STANDARD = gnu99;
				GCC_NO_COMMON_BLOCKS = YES;
				GCC_WARN_64_TO_32_BIT_CONVERSION = YES;
				GCC_WARN_ABOUT_RETURN_TYPE = YES_ERROR;
				GCC_WARN_UNDECLARED_SELECTOR = YES;
				GCC_WARN_UNINITIALIZED_AUTOS = YES_AGGRESSIVE;
				GCC_WARN_UNUSED_FUNCTION = YES;
				GCC_WARN_UNUSED_VARIABLE = YES;
				IPHONEOS_DEPLOYMENT_TARGET = 10.3;
				MTL_ENABLE_DEBUG_INFO = NO;
				SDKROOT = iphoneos;
				SWIFT_OPTIMIZATION_LEVEL = "-Owholemodule";
				VALIDATE_PRODUCT = YES;
			};
			name = Release;
		};
		950BACAE1F5469C200DA66E0 /* Debug */ = {
			isa = XCBuildConfiguration;
			buildSettings = {
				ASSETCATALOG_COMPILER_APPICON_NAME = AppIcon;
				INFOPLIST_FILE = "Guessing Game/Info.plist";
				LD_RUNPATH_SEARCH_PATHS = "$(inherited) @executable_path/Frameworks";
				PRODUCT_BUNDLE_IDENTIFIER = "com.marie-starck.Guessing-Game";
				PRODUCT_NAME = "$(TARGET_NAME)";
				SWIFT_VERSION = 3.0;
			};
			name = Debug;
		};
		950BACAF1F5469C200DA66E0 /* Release */ = {
			isa = XCBuildConfiguration;
			buildSettings = {
				ASSETCATALOG_COMPILER_APPICON_NAME = AppIcon;
				INFOPLIST_FILE = "Guessing Game/Info.plist";
				LD_RUNPATH_SEARCH_PATHS = "$(inherited) @executable_path/Frameworks";
				PRODUCT_BUNDLE_IDENTIFIER = "com.marie-starck.Guessing-Game";
				PRODUCT_NAME = "$(TARGET_NAME)";
				SWIFT_VERSION = 3.0;
			};
			name = Release;
		};
/* End XCBuildConfiguration section */

/* Begin XCConfigurationList section */
		950BAC961F5469C200DA66E0 /* Build configuration list for PBXProject "Guessing Game" */ = {
			isa = XCConfigurationList;
			buildConfigurations = (
				950BACAB1F5469C200DA66E0 /* Debug */,
				950BACAC1F5469C200DA66E0 /* Release */,
			);
			defaultConfigurationIsVisible = 0;
			defaultConfigurationName = Release;
		};
		950BACAD1F5469C200DA66E0 /* Build configuration list for PBXNativeTarget "Guessing Game" */ = {
			isa = XCConfigurationList;
			buildConfigurations = (
				950BACAE1F5469C200DA66E0 /* Debug */,
				950BACAF1F5469C200DA66E0 /* Release */,
			);
			defaultConfigurationIsVisible = 0;
		};
/* End XCConfigurationList section */
	};
	rootObject = 950BAC931F5469C200DA66E0 /* Project object */;
}
